{
  "name": "vanilla-dom-search-prototype",
  "version": "1.0.0",
  "lockfileVersion": 3,
  "requires": true,
  "packages": {
    "": {
      "name": "vanilla-dom-search-prototype",
      "version": "1.0.0",
      "license": "ISC",
      "dependencies": {
        "stopword": "^2.0.7"
      }
    },
    "node_modules/stopword": {
      "version": "2.0.7",
      "resolved": "https://registry.npmjs.org/stopword/-/stopword-2.0.7.tgz",
      "integrity": "sha512-s+uLKAxrproCLrq0Wcd3JAIjlJLx6l80b2Rzt0u8+ra5SzGkHnNG8PS3DfGmYk2TrKePDVLL4SdKYwKpgSLc+w=="
    }
  }
}
